// !$*UTF8*$!
{
	archiveVersion = 1;
	classes = {
	};
	objectVersion = 50;
	objects = {

/* Begin PBXBuildFile section */
		648B1373235F6D8800D1036D /* AppDelegate.swift in Sources */ = {isa = PBXBuildFile; fileRef = 648B1372235F6D8800D1036D /* AppDelegate.swift */; };
		648B1375235F6D8800D1036D /* SceneDelegate.swift in Sources */ = {isa = PBXBuildFile; fileRef = 648B1374235F6D8800D1036D /* SceneDelegate.swift */; };
		648B1377235F6D8800D1036D /* ViewController.swift in Sources */ = {isa = PBXBuildFile; fileRef = 648B1376235F6D8800D1036D /* ViewController.swift */; };
		648B137A235F6D8800D1036D /* Main.storyboard in Resources */ = {isa = PBXBuildFile; fileRef = 648B1378235F6D8800D1036D /* Main.storyboard */; };
		648B137C235F6D8B00D1036D /* Assets.xcassets in Resources */ = {isa = PBXBuildFile; fileRef = 648B137B235F6D8B00D1036D /* Assets.xcassets */; };
		648B137F235F6D8B00D1036D /* LaunchScreen.storyboard in Resources */ = {isa = PBXBuildFile; fileRef = 648B137D235F6D8B00D1036D /* LaunchScreen.storyboard */; };
		648B1387235F766400D1036D /* emailsVC.swift in Sources */ = {isa = PBXBuildFile; fileRef = 648B1386235F766400D1036D /* emailsVC.swift */; };
/* End PBXBuildFile section */

/* Begin PBXFileReference section */
		648B136F235F6D8800D1036D /* ScrapWeb.app */ = {isa = PBXFileReference; explicitFileType = wrapper.application; includeInIndex = 0; path = ScrapWeb.app; sourceTree = BUILT_PRODUCTS_DIR; };
		648B1372235F6D8800D1036D /* AppDelegate.swift */ = {isa = PBXFileReference; lastKnownFileType = sourcecode.swift; path = AppDelegate.swift; sourceTree = "<group>"; };
		648B1374235F6D8800D1036D /* SceneDelegate.swift */ = {isa = PBXFileReference; lastKnownFileType = sourcecode.swift; path = SceneDelegate.swift; sourceTree = "<group>"; };
		648B1376235F6D8800D1036D /* ViewController.swift */ = {isa = PBXFileReference; lastKnownFileType = sourcecode.swift; path = ViewController.swift; sourceTree = "<group>"; };
		648B1379235F6D8800D1036D /* Base */ = {isa = PBXFileReference; lastKnownFileType = file.storyboard; name = Base; path = Base.lproj/Main.storyboard; sourceTree = "<group>"; };
		648B137B235F6D8B00D1036D /* Assets.xcassets */ = {isa = PBXFileReference; lastKnownFileType = folder.assetcatalog; path = Assets.xcassets; sourceTree = "<group>"; };
		648B137E235F6D8B00D1036D /* Base */ = {isa = PBXFileReference; lastKnownFileType = file.storyboard; name = Base; path = Base.lproj/LaunchScreen.storyboard; sourceTree = "<group>"; };
		648B1380235F6D8B00D1036D /* Info.plist */ = {isa = PBXFileReference; lastKnownFileType = text.plist.xml; path = Info.plist; sourceTree = "<group>"; };
		648B1386235F766400D1036D /* emailsVC.swift */ = {isa = PBXFileReference; lastKnownFileType = sourcecode.swift; path = emailsVC.swift; sourceTree = "<group>"; };
/* End PBXFileReference section */

/* Begin PBXFrameworksBuildPhase section */
		648B136C235F6D8800D1036D /* Frameworks */ = {
			isa = PBXFrameworksBuildPhase;
			buildActionMask = 2147483647;
			files = (
			);
			runOnlyForDeploymentPostprocessing = 0;
		};
/* End PBXFrameworksBuildPhase section */

/* Begin PBXGroup section */
		648B1366235F6D8800D1036D = {
			isa = PBXGroup;
			children = (
				648B1371235F6D8800D1036D /* ScrapWeb */,
				648B1370235F6D8800D1036D /* Products */,
			);
			sourceTree = "<group>";
		};
		648B1370235F6D8800D1036D /* Products */ = {
			isa = PBXGroup;
			children = (
				648B136F235F6D8800D1036D /* ScrapWeb.app */,
			);
			name = Products;
			sourceTree = "<group>";
		};
		648B1371235F6D8800D1036D /* ScrapWeb */ = {
			isa = PBXGroup;
			children = (
				648B1372235F6D8800D1036D /* AppDelegate.swift */,
				648B1374235F6D8800D1036D /* SceneDelegate.swift */,
				648B1376235F6D8800D1036D /* ViewController.swift */,
				648B1378235F6D8800D1036D /* Main.storyboard */,
				648B1386235F766400D1036D /* emailsVC.swift */,
				648B137B235F6D8B00D1036D /* Assets.xcassets */,
				648B137D235F6D8B00D1036D /* LaunchScreen.storyboard */,
				648B1380235F6D8B00D1036D /* Info.plist */,
			);
			path = ScrapWeb;
			sourceTree = "<group>";
		};
/* End PBXGroup section */

/* Begin PBXNativeTarget section */
		648B136E235F6D8800D1036D /* ScrapWeb */ = {
			isa = PBXNativeTarget;
			buildConfigurationList = 648B1383235F6D8B00D1036D /* Build configuration list for PBXNativeTarget "ScrapWeb" */;
			buildPhases = (
				648B136B235F6D8800D1036D /* Sources */,
				648B136C235F6D8800D1036D /* Frameworks */,
				648B136D235F6D8800D1036D /* Resources */,
			);
			buildRules = (
			);
			dependencies = (
			);
			name = ScrapWeb;
			productName = ScrapWeb;
			productReference = 648B136F235F6D8800D1036D /* ScrapWeb.app */;
			productType = "com.apple.product-type.application";
		};
/* End PBXNativeTarget section */

/* Begin PBXProject section */
		648B1367235F6D8800D1036D /* Project object */ = {
			isa = PBXProject;
			attributes = {
				LastSwiftUpdateCheck = 1110;
				LastUpgradeCheck = 1110;
				ORGANIZATIONNAME = Antonio;
				TargetAttributes = {
					648B136E235F6D8800D1036D = {
						CreatedOnToolsVersion = 11.1;
					};
				};
			};
			buildConfigurationList = 648B136A235F6D8800D1036D /* Build configuration list for PBXProject "ScrapWeb" */;
			compatibilityVersion = "Xcode 9.3";
			developmentRegion = en;
			hasScannedForEncodings = 0;
			knownRegions = (
				en,
				Base,
			);
			mainGroup = 648B1366235F6D8800D1036D;
			productRefGroup = 648B1370235F6D8800D1036D /* Products */;
			projectDirPath = "";
			projectRoot = "";
			targets = (
				648B136E235F6D8800D1036D /* ScrapWeb */,
			);
		};
/* End PBXProject section */

/* Begin PBXResourcesBuildPhase section */
		648B136D235F6D8800D1036D /* Resources */ = {
			isa = PBXResourcesBuildPhase;
			buildActionMask = 2147483647;
			files = (
				648B137F235F6D8B00D1036D /* LaunchScreen.storyboard in Resources */,
				648B137C235F6D8B00D1036D /* Assets.xcassets in Resources */,
				648B137A235F6D8800D1036D /* Main.storyboard in Resources */,
			);
			runOnlyForDeploymentPostprocessing = 0;
		};
/* End PBXResourcesBuildPhase section */

/* Begin PBXSourcesBuildPhase section */
		648B136B235F6D8800D1036D /* Sources */ = {
			isa = PBXSourcesBuildPhase;
			buildActionMask = 2147483647;
			files = (
				648B1377235F6D8800D1036D /* ViewController.swift in Sources */,
				648B1387235F766400D1036D /* emailsVC.swift in Sources */,
				648B1373235F6D8800D1036D /* AppDelegate.swift in Sources */,
				648B1375235F6D8800D1036D /* SceneDelegate.swift in Sources */,
			);
			runOnlyForDeploymentPostprocessing = 0;
		};
/* End PBXSourcesBuildPhase section */

/* Begin PBXVariantGroup section */
		648B1378235F6D8800D1036D /* Main.storyboard */ = {
			isa = PBXVariantGroup;
			children = (
				648B1379235F6D8800D1036D /* Base */,
			);
			name = Main.storyboard;
			sourceTree = "<group>";
		};
		648B137D235F6D8B00D1036D /* LaunchScreen.storyboard */ = {
			isa = PBXVariantGroup;
			children = (
				648B137E235F6D8B00D1036D /* Base */,
			);
			name = LaunchScreen.storyboard;
			sourceTree = "<group>";
		};
/* End PBXVariantGroup section */

/* Begin XCBuildConfiguration section */
		648B1381235F6D8B00D1036D /* Debug */ = {
			isa = XCBuildConfiguration;
			buildSettings = {
				ALWAYS_SEARCH_USER_PATHS = NO;
				CLANG_ANALYZER_NONNULL = YES;
				CLANG_ANALYZER_NUMBER_OBJECT_CONVERSION = YES_AGGRESSIVE;
				CLANG_CXX_LANGUAGE_STANDARD = "gnu++14";
				CLANG_CXX_LIBRARY = "libc++";
				CLANG_ENABLE_MODULES = YES;
				CLANG_ENABLE_OBJC_ARC = YES;
				CLANG_ENABLE_OBJC_WEAK = YES;
				CLANG_WARN_BLOCK_CAPTURE_AUTORELEASING = YES;
				CLANG_WARN_BOOL_CONVERSION = YES;
				CLANG_WARN_COMMA = YES;
				CLANG_WARN_CONSTANT_CONVERSION = YES;
				CLANG_WARN_DEPRECATED_OBJC_IMPLEMENTATIONS = YES;
				CLANG_WARN_DIRECT_OBJC_ISA_USAGE = YES_ERROR;
				CLANG_WARN_DOCUMENTATION_COMMENTS = YES;
				CLANG_WARN_EMPTY_BODY = YES;
				CLANG_WARN_ENUM_CONVERSION = YES;
				CLANG_WARN_INFINITE_RECURSION = YES;
				CLANG_WARN_INT_CONVERSION = YES;
				CLANG_WARN_NON_LITERAL_NULL_CONVERSION = YES;
				CLANG_WARN_OBJC_IMPLICIT_RETAIN_SELF = YES;
				CLANG_WARN_OBJC_LITERAL_CONVERSION = YES;
				CLANG_WARN_OBJC_ROOT_CLASS = YES_ERROR;
				CLANG_WARN_RANGE_LOOP_ANALYSIS = YES;
				CLANG_WARN_STRICT_PROTOTYPES = YES;
				CLANG_WARN_SUSPICIOUS_MOVE = YES;
				CLANG_WARN_UNGUARDED_AVAILABILITY = YES_AGGRESSIVE;
				CLANG_WARN_UNREACHABLE_CODE = YES;
				CLANG_WARN__DUPLICATE_METHOD_MATCH = YES;
				COPY_PHASE_STRIP = NO;
				DEBUG_INFORMATION_FORMAT = dwarf;
				ENABLE_STRICT_OBJC_MSGSEND = YES;
				ENABLE_TESTABILITY = YES;
				GCC_C_LANGUAGE_STANDARD = gnu11;
				GCC_DYNAMIC_NO_PIC = NO;
				GCC_NO_COMMON_BLOCKS = YES;
				GCC_OPTIMIZATION_LEVEL = 0;
				GCC_PREPROCESSOR_DEFINITIONS = (
					"DEBUG=1",
					"$(inherited)",
				);
				GCC_WARN_64_TO_32_BIT_CONVERSION = YES;
				GCC_WARN_ABOUT_RETURN_TYPE = YES_ERROR;
				GCC_WARN_UNDECLARED_SELECTOR = YES;
				GCC_WARN_UNINITIALIZED_AUTOS = YES_AGGRESSIVE;
				GCC_WARN_UNUSED_FUNCTION = YES;
				GCC_WARN_UNUSED_VARIABLE = YES;
				IPHONEOS_DEPLOYMENT_TARGET = 13.1;
				MTL_ENABLE_DEBUG_INFO = INCLUDE_SOURCE;
				MTL_FAST_MATH = YES;
				ONLY_ACTIVE_ARCH = YES;
				SDKROOT = iphoneos;
				SWIFT_ACTIVE_COMPILATION_CONDITIONS = DEBUG;
				SWIFT_OPTIMIZATION_LEVEL = "-Onone";
			};
			name = Debug;
		};
		648B1382235F6D8B00D1036D /* Release */ = {
			isa = XCBuildConfiguration;
			buildSettings = {
				ALWAYS_SEARCH_USER_PATHS = NO;
				CLANG_ANALYZER_NONNULL = YES;
				CLANG_ANALYZER_NUMBER_OBJECT_CONVERSION = YES_AGGRESSIVE;
				CLANG_CXX_LANGUAGE_STANDARD = "gnu++14";
				CLANG_CXX_LIBRARY = "libc++";
				CLANG_ENABLE_MODULES = YES;
				CLANG_ENABLE_OBJC_ARC = YES;
				CLANG_ENABLE_OBJC_WEAK = YES;
				CLANG_WARN_BLOCK_CAPTURE_AUTORELEASING = YES;
				CLANG_WARN_BOOL_CONVERSION = YES;
				CLANG_WARN_COMMA = YES;
				CLANG_WARN_CONSTANT_CONVERSION = YES;
				CLANG_WARN_DEPRECATED_OBJC_IMPLEMENTATIONS = YES;
				CLANG_WARN_DIRECT_OBJC_ISA_USAGE = YES_ERROR;
				CLANG_WARN_DOCUMENTATION_COMMENTS = YES;
				CLANG_WARN_EMPTY_BODY = YES;
				CLANG_WARN_ENUM_CONVERSION = YES;
				CLANG_WARN_INFINITE_RECURSION = YES;
				CLANG_WARN_INT_CONVERSION = YES;
				CLANG_WARN_NON_LITERAL_NULL_CONVERSION = YES;
				CLANG_WARN_OBJC_IMPLICIT_RETAIN_SELF = YES;
				CLANG_WARN_OBJC_LITERAL_CONVERSION = YES;
				CLANG_WARN_OBJC_ROOT_CLASS = YES_ERROR;
				CLANG_WARN_RANGE_LOOP_ANALYSIS = YES;
				CLANG_WARN_STRICT_PROTOTYPES = YES;
				CLANG_WARN_SUSPICIOUS_MOVE = YES;
				CLANG_WARN_UNGUARDED_AVAILABILITY = YES_AGGRESSIVE;
				CLANG_WARN_UNREACHABLE_CODE = YES;
				CLANG_WARN__DUPLICATE_METHOD_MATCH = YES;
				COPY_PHASE_STRIP = NO;
				DEBUG_INFORMATION_FORMAT = "dwarf-with-dsym";
				ENABLE_NS_ASSERTIONS = NO;
				ENABLE_STRICT_OBJC_MSGSEND = YES;
				GCC_C_LANGUAGE_STANDARD = gnu11;
				GCC_NO_COMMON_BLOCKS = YES;
				GCC_WARN_64_TO_32_BIT_CONVERSION = YES;
				GCC_WARN_ABOUT_RETURN_TYPE = YES_ERROR;
				GCC_WARN_UNDECLARED_SELECTOR = YES;
				GCC_WARN_UNINITIALIZED_AUTOS = YES_AGGRESSIVE;
				GCC_WARN_UNUSED_FUNCTION = YES;
				GCC_WARN_UNUSED_VARIABLE = YES;
				IPHONEOS_DEPLOYMENT_TARGET = 13.1;
				MTL_ENABLE_DEBUG_INFO = NO;
				MTL_FAST_MATH = YES;
				SDKROOT = iphoneos;
				SWIFT_COMPILATION_MODE = wholemodule;
				SWIFT_OPTIMIZATION_LEVEL = "-O";
				VALIDATE_PRODUCT = YES;
			};
			name = Release;
		};
		648B1384235F6D8B00D1036D /* Debug */ = {
			isa = XCBuildConfiguration;
			buildSettings = {
				ASSETCATALOG_COMPILER_APPICON_NAME = AppIcon;
				CODE_SIGN_STYLE = Automatic;
				DEVELOPMENT_TEAM = RQQMLGW4S8;
				INFOPLIST_FILE = ScrapWeb/Info.plist;
				LD_RUNPATH_SEARCH_PATHS = (
					"$(inherited)",
					"@executable_path/Frameworks",
				);
				PRODUCT_BUNDLE_IDENTIFIER = com.scrapWeb.ScrapWeb;
				PRODUCT_NAME = "$(TARGET_NAME)";
				SWIFT_VERSION = 5.0;
				TARGETED_DEVICE_FAMILY = "1,2";
			};
			name = Debug;
		};
		648B1385235F6D8B00D1036D /* Release */ = {
			isa = XCBuildConfiguration;
			buildSettings = {
				ASSETCATALOG_COMPILER_APPICON_NAME = AppIcon;
				CODE_SIGN_STYLE = Automatic;
				DEVELOPMENT_TEAM = RQQMLGW4S8;
				INFOPLIST_FILE = ScrapWeb/Info.plist;
				LD_RUNPATH_SEARCH_PATHS = (
					"$(inherited)",
					"@executable_path/Frameworks",
				);
				PRODUCT_BUNDLE_IDENTIFIER = com.scrapWeb.ScrapWeb;
				PRODUCT_NAME = "$(TARGET_NAME)";
				SWIFT_VERSION = 5.0;
				TARGETED_DEVICE_FAMILY = "1,2";
			};
			name = Release;
		};
/* End XCBuildConfiguration section */

/* Begin XCConfigurationList section */
		648B136A235F6D8800D1036D /* Build configuration list for PBXProject "ScrapWeb" */ = {
			isa = XCConfigurationList;
			buildConfigurations = (
				648B1381235F6D8B00D1036D /* Debug */,
				648B1382235F6D8B00D1036D /* Release */,
			);
			defaultConfigurationIsVisible = 0;
			defaultConfigurationName = Release;
		};
		648B1383235F6D8B00D1036D /* Build configuration list for PBXNativeTarget "ScrapWeb" */ = {
			isa = XCConfigurationList;
			buildConfigurations = (
				648B1384235F6D8B00D1036D /* Debug */,
				648B1385235F6D8B00D1036D /* Release */,
			);
			defaultConfigurationIsVisible = 0;
			defaultConfigurationName = Release;
		};
/* End XCConfigurationList section */
	};
	rootObject = 648B1367235F6D8800D1036D /* Project object */;
}
